
Microsoft Visual Studio Solution File, Format Version 12.00
# Visual Studio Version 16
VisualStudioVersion = 16.0.30711.63
MinimumVisualStudioVersion = 10.0.40219.1
Project("{FAE04EC0-301F-11D3-BF4B-00C04F79EFBC}") = "WebpageSteganography", "WebpageSteganography\WebpageSteganography.csproj", "{4869C53C-8068-4A32-A152-BE3A00987B57}"
EndProject
Global
	GlobalSection(SolutionConfigurationPlatforms) = preSolution
		Debug|Any CPU = Debug|Any CPU
		Release|Any CPU = Release|Any CPU
	EndGlobalSection
	GlobalSection(ProjectConfigurationPlatforms) = postSolution
		{4869C53C-8068-4A32-A152-BE3A00987B57}.Debug|Any CPU.ActiveCfg = Debug|Any CPU
		{4869C53C-8068-4A32-A152-BE3A00987B57}.Debug|Any CPU.Build.0 = Debug|Any CPU
		{4869C53C-8068-4A32-A152-BE3A00987B57}.Release|Any CPU.ActiveCfg = Release|Any CPU
		{4869C53C-8068-4A32-A152-BE3A00987B57}.Release|Any CPU.Build.0 = Release|Any CPU
	EndGlobalSection
	GlobalSection(SolutionProperties) = preSolution
		HideSolutionNode = FALSE
	EndGlobalSection
	GlobalSection(ExtensibilityGlobals) = postSolution
		SolutionGuid = {824BDDCA-D587-4FDC-879F-F4AFB04BF2F8}
	EndGlobalSection
EndGlobal
